PODS:
  - NdefLibrary (1.0.0)
  - TCMPTappy (1.2.0)
  - Toast-Swift (4.0.1)

DEPENDENCIES:
  - NdefLibrary
  - TCMPTappy
  - Toast-Swift (~> 4.0.0)

SPEC REPOS:
  trunk:
    - NdefLibrary
    - TCMPTappy
    - Toast-Swift

SPEC CHECKSUMS:
  NdefLibrary: c86cc1d27fdb9109e008cb9578420c39d0442389
  TCMPTappy: 7a0b57a3e25f2fef5ad48f56998d51743a27afbf
  Toast-Swift: e42a638589a2f95036b4bb7626cfbdde7daf0393

PODFILE CHECKSUM: e3fed1f5b4ec3a49b1ac2d41936b8a5b97588eaa

COCOAPODS: 1.10.0
